{
  "nodes": {
    "all-cabal-hashes": {
      "flake": false,
      "locked": {
        "lastModified": 1662368445,
        "narHash": "sha256-nVDdIRNExuW6kP0DFdwabEQ3GyjtXIFHlJRL/IrUApA=",
        "owner": "commercialhaskell",
        "repo": "all-cabal-hashes",
        "rev": "6c052bdfafe635c6ff6a3f4cbf0f00b34d015734",
        "type": "github"
      },
      "original": {
        "owner": "commercialhaskell",
        "ref": "hackage",
        "repo": "all-cabal-hashes",
        "type": "github"
      }
    },
    "cborg": {
      "flake": false,
      "locked": {
        "lastModified": 1661203454,
        "narHash": "sha256-El+o3mioBcjNTnERNBEMRWU9bs9bJ0agxw4YHQKPV44=",
        "owner": "parsonsmatt",
        "repo": "cborg",
        "rev": "05ca2063ff631667699bffbeee3a4a076943b905",
        "type": "github"
      },
      "original": {
        "owner": "parsonsmatt",
        "repo": "cborg",
        "rev": "05ca2063ff631667699bffbeee3a4a076943b905",
        "type": "github"
      }
    },
    "doctest": {
      "flake": false,
      "locked": {
        "lastModified": 1652986762,
        "narHash": "sha256-Ehlq1U6EUscYndVnH7IVe2MdjzHQTgqRQDEWR9wGVzk=",
        "owner": "parsonsmatt",
        "repo": "doctest",
        "rev": "a5f696b80bb8220d284e34d90f0b94291b859e77",
        "type": "github"
      },
      "original": {
        "owner": "parsonsmatt",
        "repo": "doctest",
        "rev": "a5f696b80bb8220d284e34d90f0b94291b859e77",
        "type": "github"
      }
    },
    "double-conversion": {
      "flake": false,
      "locked": {
        "lastModified": 1661030012,
        "narHash": "sha256-K+UJK5ek5ufplqY7to9lfVnSKoa+rZUjNL95b0P7R3w=",
        "owner": "haskell",
        "repo": "double-conversion",
        "rev": "5d092e0664442eaac8ae1d101dba57ce9b1c9b03",
        "type": "github"
      },
      "original": {
        "owner": "haskell",
        "repo": "double-conversion",
        "type": "github"
      }
    },
    "flake-parts": {
      "inputs": {
        "nixpkgs": [
          "nixpkgs"
        ]
      },
      "locked": {
        "lastModified": 1661009076,
        "narHash": "sha256-phAE40gctVygRq3G3B6LhvD7u2qdQT21xsz8DdRDYFo=",
        "owner": "hercules-ci",
        "repo": "flake-parts",
        "rev": "850d8a76026127ef02f040fb0dcfdb8b749dd9d9",
        "type": "github"
      },
      "original": {
        "owner": "hercules-ci",
        "repo": "flake-parts",
        "type": "github"
      }
    },
    "flake-utils": {
      "locked": {
        "lastModified": 1659877975,
        "narHash": "sha256-zllb8aq3YO3h8B/U0/J1WBgAL8EX5yWf5pMj3G0NAmc=",
        "owner": "numtide",
        "repo": "flake-utils",
        "rev": "c0e246b9b83f637f4681389ecabcb2681b4f3af0",
        "type": "github"
      },
      "original": {
        "id": "flake-utils",
        "type": "indirect"
      }
    },
    "flake-utils_2": {
      "locked": {
        "lastModified": 1644229661,
        "narHash": "sha256-1YdnJAsNy69bpcjuoKdOYQX0YxZBiCYZo4Twxerqv7k=",
        "owner": "numtide",
        "repo": "flake-utils",
        "rev": "3cecb5b042f7f209c56ffd8371b2711a290ec797",
        "type": "github"
      },
      "original": {
        "owner": "numtide",
        "repo": "flake-utils",
        "type": "github"
      }
    },
    "haskell-flake": {
      "locked": {
        "lastModified": 1661726764,
        "narHash": "sha256-YzzOoff6m3W4g4B0E8xd3omvOhEVuRu/Rdvnmy2H6Jc=",
        "owner": "srid",
        "repo": "haskell-flake",
        "rev": "3c27b5ba2eafc52f4bed232a8ff74cf0a5a99375",
        "type": "github"
      },
      "original": {
        "owner": "srid",
        "repo": "haskell-flake",
        "type": "github"
      }
    },
    "lint-utils": {
      "inputs": {
        "flake-utils": "flake-utils_2",
        "nixpkgs": "nixpkgs"
      },
      "locked": {
        "lastModified": 1655192403,
        "narHash": "sha256-XyKDvRGDh8VXA6zN8DUTnDaTMrk0MxMKg70MaAX1A2Y=",
        "ref": "refs/heads/master",
        "rev": "a7ae54afdc4c05a5aabf202d5a76d02705eb6147",
        "revCount": 28,
        "type": "git",
        "url": "https://gitlab.homotopic.tech/nix/lint-utils"
      },
      "original": {
        "type": "git",
        "url": "https://gitlab.homotopic.tech/nix/lint-utils"
      }
    },
    "memory": {
      "flake": false,
      "locked": {
        "lastModified": 1653425739,
        "narHash": "sha256-X4XcCEouvpX19d1dr3eg3L6s/aaRccuAsl980/FrRmE=",
        "owner": "parsonsmatt",
        "repo": "hs-memory",
        "rev": "0f760c8ba0b7d5aacf04a7294e87e5e4fff53f40",
        "type": "github"
      },
      "original": {
        "owner": "parsonsmatt",
        "repo": "hs-memory",
        "rev": "0f760c8ba0b7d5aacf04a7294e87e5e4fff53f40",
        "type": "github"
      }
    },
    "nixpkgs": {
      "locked": {
        "lastModified": 1644525281,
        "narHash": "sha256-D3VuWLdnLmAXIkooWAtbTGSQI9Fc1lkvAr94wTxhnTU=",
        "owner": "NixOS",
        "repo": "nixpkgs",
        "rev": "48d63e924a2666baf37f4f14a18f19347fbd54a2",
        "type": "github"
      },
      "original": {
        "owner": "NixOS",
        "ref": "nixos-unstable",
        "repo": "nixpkgs",
        "type": "github"
      }
    },
    "nixpkgs_2": {
      "locked": {
        "lastModified": 1662096612,
        "narHash": "sha256-R+Q8l5JuyJryRPdiIaYpO5O3A55rT+/pItBrKcy7LM4=",
        "owner": "nixos",
        "repo": "nixpkgs",
        "rev": "21de2b973f9fee595a7a1ac4693efff791245c34",
        "type": "github"
      },
      "original": {
        "owner": "nixos",
        "ref": "nixpkgs-unstable",
        "repo": "nixpkgs",
        "type": "github"
      }
    },
    "polysemy": {
      "flake": false,
      "locked": {
        "lastModified": 1662391458,
        "narHash": "sha256-ny1RDNdNbCehHEpBfEGBtsM+oWxmRJmNIlylx3iVwus=",
        "owner": "locallycompact",
        "repo": "polysemy",
        "rev": "bd944ca000c1ca69602d4723e3859af431b9d0c4",
        "type": "github"
      },
      "original": {
        "owner": "locallycompact",
        "ref": "ghc-942",
        "repo": "polysemy",
        "type": "github"
      }
    },
    "root": {
      "inputs": {
        "all-cabal-hashes": "all-cabal-hashes",
        "cborg": "cborg",
        "doctest": "doctest",
        "double-conversion": "double-conversion",
        "flake-parts": "flake-parts",
        "flake-utils": "flake-utils",
        "haskell-flake": "haskell-flake",
        "lint-utils": "lint-utils",
        "memory": "memory",
        "nixpkgs": "nixpkgs_2",
        "polysemy": "polysemy",
        "servant": "servant",
        "tasty": "tasty",
        "tasty-hedgehog": "tasty-hedgehog",
        "unicode-data": "unicode-data"
      }
    },
    "servant": {
      "flake": false,
      "locked": {
        "lastModified": 1661296516,
        "narHash": "sha256-molPpcquyLIAK2FlPOLgsQhhAPuitGYCEYKY12ZcRBo=",
        "owner": "TeofilC",
        "repo": "servant",
        "rev": "e9a799ecb5cef047909b4c22071a8fa68ba30a8a",
        "type": "github"
      },
      "original": {
        "owner": "TeofilC",
        "ref": "ghc-9.4",
        "repo": "servant",
        "type": "github"
      }
    },
    "tasty": {
      "flake": false,
      "locked": {
        "lastModified": 1660335396,
        "narHash": "sha256-kZjFyOWW2WLs4+MerJi5xgpBorO8lkfEOeNS1bJhygs=",
        "owner": "UnkindPartition",
        "repo": "tasty",
        "rev": "df7ccab50d361c7d1a3c00960faac883d98c2530",
        "type": "github"
      },
      "original": {
        "owner": "UnkindPartition",
        "repo": "tasty",
        "type": "github"
      }
    },
    "tasty-hedgehog": {
      "flake": false,
      "locked": {
        "lastModified": 1662119872,
        "narHash": "sha256-BS4h27omxUGduez6ag0bLOG1nqMDvql+bOJ/ApXmhOI=",
        "owner": "locallycompact",
        "repo": "tasty-hedgehog",
        "rev": "4a3477578ed21aa82e5b74f387d08e5d750635d6",
        "type": "github"
      },
      "original": {
        "owner": "locallycompact",
        "repo": "tasty-hedgehog",
        "type": "github"
      }
    },
    "unicode-data": {
      "flake": false,
      "locked": {
        "lastModified": 1662029860,
        "narHash": "sha256-2tD5Zp8Isn6rF/LCoFooywro4dckjPihoSw/x2Er/98=",
        "owner": "composewell",
        "repo": "unicode-data",
        "rev": "a0b321e039a4049a4636f356ac11051b2d4feaae",
        "type": "github"
      },
      "original": {
        "owner": "composewell",
        "repo": "unicode-data",
        "type": "github"
      }
    }
  },
  "root": "root",
  "version": 7
}
